# THIS IS AN AUTOGENERATED FILE. DO NOT EDIT THIS FILE DIRECTLY.
# yarn lockfile v1


image-size@^1.0.2:
  version "1.1.1"
  resolved "https://registry.yarnpkg.com/image-size/-/image-size-1.1.1.tgz#ddd67d4dc340e52ac29ce5f546a09f4e29e840ac"
  integrity sha512-541xKlUw6jr/6gGuk92F+mYM5zaFAc5ahphvkqvNe2bQ6gVBkd6bfrmVJ2t4KDAfikAYZyIqTnktX3i6/aQDrQ==
  dependencies:
    queue "6.0.2"

inherits@~2.0.3:
  version "2.0.4"
  resolved "https://registry.yarnpkg.com/inherits/-/inherits-2.0.4.tgz#0fa2c64f932917c3433a0ded55363aae37416b7c"
  integrity sha512-k/vGaX4/Yla3WzyMCvTQOXYeIHvqOKtnqBduzTHpzpQZzAskKMhZ2K+EnBiSM9zGSoIFeMpXKxa4dYeZIQqewQ==

jpeg-js@^0.4.4:
  version "0.4.4"
  resolved "https://registry.yarnpkg.com/jpeg-js/-/jpeg-js-0.4.4.tgz#a9f1c6f1f9f0fa80cdb3484ed9635054d28936aa"
  integrity sha512-WZzeDOEtTOBK4Mdsar0IqEU5sMr3vSV2RqkAIzUEV2BHnUfKGyswWFPFwK5EeDo93K3FohSHbLAjj0s1Wzd+dg==

node-puzzle@^1.1.0:
  version "1.1.0"
  resolved "https://registry.yarnpkg.com/node-puzzle/-/node-puzzle-1.1.0.tgz#3c88a4533d5bfbec8adf2d5aa879a876b9b34f5b"
  integrity sha512-aiHk2sCw/aAMCpLVFImtc53jjXiGDx5c+lVXLPM5Zu4hRifpoJ5XKjbp8ObhVzdc/KPBzQlUx/+2E+CpXF2yjQ==
  dependencies:
    image-size "^1.0.2"
    node-useful "^0.0.1"
    pureimage "^0.4.13"

node-useful@^0.0.1:
  version "0.0.1"
  resolved "https://registry.yarnpkg.com/node-useful/-/node-useful-0.0.1.tgz#ba2f39a2d7b423b3c09194576ff7b09312c72bcc"
  integrity sha512-F47wDoPed+PUI87onCiWtfzVuzDe95SUALTn0lT/MHpsV+Lm3CtSa8Kvlm930NNkDhCAPa5bx80xWbeX4Q8IWg==

opentype.js@^0.4.3:
  version "0.4.11"
  resolved "https://registry.yarnpkg.com/opentype.js/-/opentype.js-0.4.11.tgz#281a2390639cc15931c955d8d63c14a7c7772b41"
  integrity sha512-GthxucX/6aftfLdeU5Ho7o7zmQcC8uVtqdcelVq12X++ndxwBZG8Xb5rFEKT7nEcWDD2P1x+TNuJ70jtj1Mbpw==

pngjs@^7.0.0:
  version "7.0.0"
  resolved "https://registry.yarnpkg.com/pngjs/-/pngjs-7.0.0.tgz#a8b7446020ebbc6ac739db6c5415a65d17090e26"
  integrity sha512-LKWqWJRhstyYo9pGvgor/ivk2w94eSjE3RGVuzLGlr3NmD8bf7RcYGze1mNdEHRP6TRP6rMuDHk5t44hnTRyow==

pureimage@^0.4.13:
  version "0.4.13"
  resolved "https://registry.yarnpkg.com/pureimage/-/pureimage-0.4.13.tgz#82a3f21853570d15e3631c555b4ecf9b9fe9ab3e"
  integrity sha512-P8aonTNAnXWJn2pBIqyeWw0I/D4YDOfEavCVvbDG+wx3dCujQX0ENZiW5OcHfbd8HKLfVhCf4F/3Xivf1yWDiA==
  dependencies:
    jpeg-js "^0.4.4"
    opentype.js "^0.4.3"
    pngjs "^7.0.0"

queue@6.0.2:
  version "6.0.2"
  resolved "https://registry.yarnpkg.com/queue/-/queue-6.0.2.tgz#b91525283e2315c7553d2efa18d83e76432fed65"
  integrity sha512-iHZWu+q3IdFZFX36ro/lKBkSvfkztY5Y7HMiPlOUjhupPcG2JMfst2KKEpu5XndviX/3UhFbRngUPNKtgvtZiA==
  dependencies:
    inherits "~2.0.3"
